
Microsoft Visual Studio Solution File, Format Version 12.00
# Visual Studio Version 17
VisualStudioVersion = 17.0.32112.339
MinimumVisualStudioVersion = 10.0.40219.1
Project("{FAE04EC0-301F-11D3-BF4B-00C04F79EFBC}") = "AplicacionABB", "AplicacionABB.csproj", "{93688644-8302-4CB5-8346-BF4F9D975129}"
EndProject
Global
	GlobalSection(SolutionConfigurationPlatforms) = preSolution
		Debug|Any CPU = Debug|Any CPU
		Release|Any CPU = Release|Any CPU
	EndGlobalSection
	GlobalSection(ProjectConfigurationPlatforms) = postSolution
		{93688644-8302-4CB5-8346-BF4F9D975129}.Debug|Any CPU.ActiveCfg = Debug|Any CPU
		{93688644-8302-4CB5-8346-BF4F9D975129}.Debug|Any CPU.Build.0 = Debug|Any CPU
		{93688644-8302-4CB5-8346-BF4F9D975129}.Release|Any CPU.ActiveCfg = Release|Any CPU
		{93688644-8302-4CB5-8346-BF4F9D975129}.Release|Any CPU.Build.0 = Release|Any CPU
	EndGlobalSection
	GlobalSection(SolutionProperties) = preSolution
		HideSolutionNode = FALSE
	EndGlobalSection
	GlobalSection(ExtensibilityGlobals) = postSolution
		SolutionGuid = {DAFDF080-1545-4CB9-982F-707C87B10F5A}
	EndGlobalSection
EndGlobal
